
Microsoft Visual Studio Solution File, Format Version 12.00
# Visual Studio Version 16
VisualStudioVersion = 16.0.32510.428
MinimumVisualStudioVersion = 10.0.40219.1
Project("{FAE04EC0-301F-11D3-BF4B-00C04F79EFBC}") = "CovidAppMVC", "CovidAppMVC\CovidAppMVC.csproj", "{F352DC1B-6648-4FA1-B6CA-E38988B25EDF}"
EndProject
Global
	GlobalSection(SolutionConfigurationPlatforms) = preSolution
		Debug|Any CPU = Debug|Any CPU
		Release|Any CPU = Release|Any CPU
	EndGlobalSection
	GlobalSection(ProjectConfigurationPlatforms) = postSolution
		{F352DC1B-6648-4FA1-B6CA-E38988B25EDF}.Debug|Any CPU.ActiveCfg = Debug|Any CPU
		{F352DC1B-6648-4FA1-B6CA-E38988B25EDF}.Debug|Any CPU.Build.0 = Debug|Any CPU
		{F352DC1B-6648-4FA1-B6CA-E38988B25EDF}.Release|Any CPU.ActiveCfg = Release|Any CPU
		{F352DC1B-6648-4FA1-B6CA-E38988B25EDF}.Release|Any CPU.Build.0 = Release|Any CPU
	EndGlobalSection
	GlobalSection(SolutionProperties) = preSolution
		HideSolutionNode = FALSE
	EndGlobalSection
	GlobalSection(ExtensibilityGlobals) = postSolution
		SolutionGuid = {EC0122DD-5C8A-4979-8510-006BD1B01B5A}
	EndGlobalSection
EndGlobal
